
Microsoft Visual Studio Solution File, Format Version 12.00
# Visual Studio Version 16
VisualStudioVersion = 16.0.30621.155
MinimumVisualStudioVersion = 10.0.40219.1
Project("{FAE04EC0-301F-11D3-BF4B-00C04F79EFBC}") = "Hunting Game", "Hunting Game\Hunting Game.csproj", "{7A33390D-89D8-48F6-93DD-476152911C2B}"
EndProject
Global
	GlobalSection(SolutionConfigurationPlatforms) = preSolution
		Debug|Any CPU = Debug|Any CPU
		Release|Any CPU = Release|Any CPU
	EndGlobalSection
	GlobalSection(ProjectConfigurationPlatforms) = postSolution
		{7A33390D-89D8-48F6-93DD-476152911C2B}.Debug|Any CPU.ActiveCfg = Debug|Any CPU
		{7A33390D-89D8-48F6-93DD-476152911C2B}.Debug|Any CPU.Build.0 = Debug|Any CPU
		{7A33390D-89D8-48F6-93DD-476152911C2B}.Release|Any CPU.ActiveCfg = Release|Any CPU
		{7A33390D-89D8-48F6-93DD-476152911C2B}.Release|Any CPU.Build.0 = Release|Any CPU
	EndGlobalSection
	GlobalSection(SolutionProperties) = preSolution
		HideSolutionNode = FALSE
	EndGlobalSection
	GlobalSection(ExtensibilityGlobals) = postSolution
		SolutionGuid = {FA7E7445-F578-4555-8CDA-83EE355DE724}
	EndGlobalSection
EndGlobal
